
Microsoft Visual Studio Solution File, Format Version 12.00
# Visual Studio 15
VisualStudioVersion = 15.0.28307.489
MinimumVisualStudioVersion = 10.0.40219.1
Project("{9A19103F-16F7-4668-BE54-9A1E7A4F7556}") = "RSHA", "RSHA\RSHA.csproj", "{B90ECC9C-4B55-4D2B-89B5-7A3F330B8D02}"
EndProject
Global
	GlobalSection(SolutionConfigurationPlatforms) = preSolution
		Debug|Any CPU = Debug|Any CPU
		Release|Any CPU = Release|Any CPU
	EndGlobalSection
	GlobalSection(ProjectConfigurationPlatforms) = postSolution
		{B90ECC9C-4B55-4D2B-89B5-7A3F330B8D02}.Debug|Any CPU.ActiveCfg = Debug|Any CPU
		{B90ECC9C-4B55-4D2B-89B5-7A3F330B8D02}.Debug|Any CPU.Build.0 = Debug|Any CPU
		{B90ECC9C-4B55-4D2B-89B5-7A3F330B8D02}.Release|Any CPU.ActiveCfg = Release|Any CPU
		{B90ECC9C-4B55-4D2B-89B5-7A3F330B8D02}.Release|Any CPU.Build.0 = Release|Any CPU
	EndGlobalSection
	GlobalSection(SolutionProperties) = preSolution
		HideSolutionNode = FALSE
	EndGlobalSection
	GlobalSection(ExtensibilityGlobals) = postSolution
		SolutionGuid = {08C85E5B-5260-4DC1-98E5-6FC315589683}
	EndGlobalSection
EndGlobal
